// !$*UTF8*$!
{
	archiveVersion = 1;
	classes = {
	};
	objectVersion = 50;
	objects = {

/* Begin PBXBuildFile section */
		4A587FEF23FB319D00313FD9 /* EpisodeTableViewCell.swift in Sources */ = {isa = PBXBuildFile; fileRef = 4A587FEE23FB319D00313FD9 /* EpisodeTableViewCell.swift */; };
		4A587FF123FB31DD00313FD9 /* EpisodeTableViewCell.xib in Resources */ = {isa = PBXBuildFile; fileRef = 4A587FF023FB31DD00313FD9 /* EpisodeTableViewCell.xib */; };
		4A587FF323FB487F00313FD9 /* CastTableViewCell.swift in Sources */ = {isa = PBXBuildFile; fileRef = 4A587FF223FB487F00313FD9 /* CastTableViewCell.swift */; };
		4A587FF523FB489300313FD9 /* CastTableViewCell.xib in Resources */ = {isa = PBXBuildFile; fileRef = 4A587FF423FB489300313FD9 /* CastTableViewCell.xib */; };
		4A587FF723FB4B5C00313FD9 /* Cast.swift in Sources */ = {isa = PBXBuildFile; fileRef = 4A587FF623FB4B5C00313FD9 /* Cast.swift */; };
		4A587FF923FB513D00313FD9 /* DataController.swift in Sources */ = {isa = PBXBuildFile; fileRef = 4A587FF823FB513D00313FD9 /* DataController.swift */; };
		4A587FFB23FC621300313FD9 /* House.swift in Sources */ = {isa = PBXBuildFile; fileRef = 4A587FFA23FC621200313FD9 /* House.swift */; };
		4A587FFD23FC639500313FD9 /* HouseTableViewCell.swift in Sources */ = {isa = PBXBuildFile; fileRef = 4A587FFC23FC639500313FD9 /* HouseTableViewCell.swift */; };
		4A587FFF23FC63A500313FD9 /* HouseTableViewCell.xib in Resources */ = {isa = PBXBuildFile; fileRef = 4A587FFE23FC63A500313FD9 /* HouseTableViewCell.xib */; };
		4A58800123FC825A00313FD9 /* Rating.swift in Sources */ = {isa = PBXBuildFile; fileRef = 4A58800023FC825A00313FD9 /* Rating.swift */; };
		4A58802323FF31D400313FD9 /* season_4.json in Resources */ = {isa = PBXBuildFile; fileRef = 4A58801923FF31D400313FD9 /* season_4.json */; };
		4A58802423FF31D400313FD9 /* season_8.json in Resources */ = {isa = PBXBuildFile; fileRef = 4A58801A23FF31D400313FD9 /* season_8.json */; };
		4A58802523FF31D400313FD9 /* season_5.json in Resources */ = {isa = PBXBuildFile; fileRef = 4A58801B23FF31D400313FD9 /* season_5.json */; };
		4A58802623FF31D400313FD9 /* season_2.json in Resources */ = {isa = PBXBuildFile; fileRef = 4A58801C23FF31D400313FD9 /* season_2.json */; };
		4A58802723FF31D400313FD9 /* cast.json in Resources */ = {isa = PBXBuildFile; fileRef = 4A58801D23FF31D400313FD9 /* cast.json */; };
		4A58802823FF31D400313FD9 /* season_3.json in Resources */ = {isa = PBXBuildFile; fileRef = 4A58801E23FF31D400313FD9 /* season_3.json */; };
		4A58802923FF31D400313FD9 /* houses.json in Resources */ = {isa = PBXBuildFile; fileRef = 4A58801F23FF31D400313FD9 /* houses.json */; };
		4A58802A23FF31D400313FD9 /* season_1.json in Resources */ = {isa = PBXBuildFile; fileRef = 4A58802023FF31D400313FD9 /* season_1.json */; };
		4A58802B23FF31D400313FD9 /* season_6.json in Resources */ = {isa = PBXBuildFile; fileRef = 4A58802123FF31D400313FD9 /* season_6.json */; };
		4A58802C23FF31D400313FD9 /* season_7.json in Resources */ = {isa = PBXBuildFile; fileRef = 4A58802223FF31D400313FD9 /* season_7.json */; };
		4A5C445523F34BC800C88983 /* AppDelegate.swift in Sources */ = {isa = PBXBuildFile; fileRef = 4A5C445423F34BC800C88983 /* AppDelegate.swift */; };
		4A5C445723F34BC800C88983 /* SceneDelegate.swift in Sources */ = {isa = PBXBuildFile; fileRef = 4A5C445623F34BC800C88983 /* SceneDelegate.swift */; };
		4A5C445E23F34BCB00C88983 /* Assets.xcassets in Resources */ = {isa = PBXBuildFile; fileRef = 4A5C445D23F34BCB00C88983 /* Assets.xcassets */; };
		4A5C446123F34BCB00C88983 /* LaunchScreen.storyboard in Resources */ = {isa = PBXBuildFile; fileRef = 4A5C445F23F34BCB00C88983 /* LaunchScreen.storyboard */; };
		4A5C446C23F34BCC00C88983 /* AppOfThronesTests.swift in Sources */ = {isa = PBXBuildFile; fileRef = 4A5C446B23F34BCC00C88983 /* AppOfThronesTests.swift */; };
		4A5C447723F35E4300C88983 /* RateViewController.swift in Sources */ = {isa = PBXBuildFile; fileRef = 4A5C447623F35E4300C88983 /* RateViewController.swift */; };
		4A5C447923F35E8F00C88983 /* RateViewController.xib in Resources */ = {isa = PBXBuildFile; fileRef = 4A5C447823F35E8F00C88983 /* RateViewController.xib */; };
		4A5C447B23F5F03400C88983 /* EpisodeViewController.swift in Sources */ = {isa = PBXBuildFile; fileRef = 4A5C447A23F5F03400C88983 /* EpisodeViewController.swift */; };
		4A5C447D23F5F04800C88983 /* EpisodeViewController.xib in Resources */ = {isa = PBXBuildFile; fileRef = 4A5C447C23F5F04800C88983 /* EpisodeViewController.xib */; };
		4A5C448023F5F41600C88983 /* Episode.swift in Sources */ = {isa = PBXBuildFile; fileRef = 4A5C447F23F5F41600C88983 /* Episode.swift */; };
		4A5C448423F6021100C88983 /* CastViewController.swift in Sources */ = {isa = PBXBuildFile; fileRef = 4A5C448323F6021100C88983 /* CastViewController.swift */; };
		4A5C448623F6021F00C88983 /* CastViewController.xib in Resources */ = {isa = PBXBuildFile; fileRef = 4A5C448523F6021F00C88983 /* CastViewController.xib */; };
		4A5C448823F602A300C88983 /* SettingsViewController.swift in Sources */ = {isa = PBXBuildFile; fileRef = 4A5C448723F602A300C88983 /* SettingsViewController.swift */; };
		4A5C448A23F602BA00C88983 /* SettingsViewController.xib in Resources */ = {isa = PBXBuildFile; fileRef = 4A5C448923F602BA00C88983 /* SettingsViewController.xib */; };
		4A5C449023F605C700C88983 /* HouseViewController.swift in Sources */ = {isa = PBXBuildFile; fileRef = 4A5C448E23F605C700C88983 /* HouseViewController.swift */; };
		4A5C449123F605C700C88983 /* HouseViewController.xib in Resources */ = {isa = PBXBuildFile; fileRef = 4A5C448F23F605C700C88983 /* HouseViewController.xib */; };
		D52817B42405C28E00DE361E /* ImageCastDetailTableViewCell.swift in Sources */ = {isa = PBXBuildFile; fileRef = D52817B32405C28E00DE361E /* ImageCastDetailTableViewCell.swift */; };
		D52817B62405C29D00DE361E /* ImageCastDetailTableViewCell.xib in Resources */ = {isa = PBXBuildFile; fileRef = D52817B52405C29D00DE361E /* ImageCastDetailTableViewCell.xib */; };
		D52817B82405C40000DE361E /* CastDetailTableViewCell.swift in Sources */ = {isa = PBXBuildFile; fileRef = D52817B72405C40000DE361E /* CastDetailTableViewCell.swift */; };
		D52817BA2405C42300DE361E /* CastDetailTableViewCell.xib in Resources */ = {isa = PBXBuildFile; fileRef = D52817B92405C42300DE361E /* CastDetailTableViewCell.xib */; };
		D52817BC2405E27200DE361E /* HouseDetailViewController.swift in Sources */ = {isa = PBXBuildFile; fileRef = D52817BB2405E27200DE361E /* HouseDetailViewController.swift */; };
		D52817BE2405E28100DE361E /* HouseDetailViewController.xib in Resources */ = {isa = PBXBuildFile; fileRef = D52817BD2405E28100DE361E /* HouseDetailViewController.xib */; };
		D52817C02405E61C00DE361E /* ImageHouseTableViewCell.swift in Sources */ = {isa = PBXBuildFile; fileRef = D52817BF2405E61C00DE361E /* ImageHouseTableViewCell.swift */; };
		D52817C22405E63800DE361E /* ImageHouseTableViewCell.xib in Resources */ = {isa = PBXBuildFile; fileRef = D52817C12405E63800DE361E /* ImageHouseTableViewCell.xib */; };
		D52817C42405E72C00DE361E /* HouseDetailTableViewCell.swift in Sources */ = {isa = PBXBuildFile; fileRef = D52817C32405E72C00DE361E /* HouseDetailTableViewCell.swift */; };
		D52817C62405E74400DE361E /* HouseDetailTableViewCell.xib in Resources */ = {isa = PBXBuildFile; fileRef = D52817C52405E74400DE361E /* HouseDetailTableViewCell.xib */; };
		D5C062C42404836400B46FC2 /* ImageTableViewCell.swift in Sources */ = {isa = PBXBuildFile; fileRef = D5C062C32404836400B46FC2 /* ImageTableViewCell.swift */; };
		D5C062C62404837000B46FC2 /* ImageTableViewCell.xib in Resources */ = {isa = PBXBuildFile; fileRef = D5C062C52404837000B46FC2 /* ImageTableViewCell.xib */; };
		D5C062C8240489BE00B46FC2 /* EpisodeDetailTableViewCell.swift in Sources */ = {isa = PBXBuildFile; fileRef = D5C062C7240489BE00B46FC2 /* EpisodeDetailTableViewCell.swift */; };
		D5C062CA240489CA00B46FC2 /* EpisodeDetailTableViewCell.xib in Resources */ = {isa = PBXBuildFile; fileRef = D5C062C9240489CA00B46FC2 /* EpisodeDetailTableViewCell.xib */; };
		D5C062CC2405A94F00B46FC2 /* CastDetailViewController.swift in Sources */ = {isa = PBXBuildFile; fileRef = D5C062CB2405A94F00B46FC2 /* CastDetailViewController.swift */; };
		D5C062CE2405A96900B46FC2 /* CastDetailViewController.xib in Resources */ = {isa = PBXBuildFile; fileRef = D5C062CD2405A96900B46FC2 /* CastDetailViewController.xib */; };
		D5C7AE0B2402E0A300F1796C /* EpisodeDetailViewController.swift in Sources */ = {isa = PBXBuildFile; fileRef = D5C7AE0A2402E0A300F1796C /* EpisodeDetailViewController.swift */; };
		D5C7AE0D2402E10B00F1796C /* EpisodeDetailViewController.xib in Resources */ = {isa = PBXBuildFile; fileRef = D5C7AE0C2402E10B00F1796C /* EpisodeDetailViewController.xib */; };
/* End PBXBuildFile section */

/* Begin PBXContainerItemProxy section */
		4A5C446823F34BCC00C88983 /* PBXContainerItemProxy */ = {
			isa = PBXContainerItemProxy;
			containerPortal = 4A5C444923F34BC800C88983 /* Project object */;
			proxyType = 1;
			remoteGlobalIDString = 4A5C445023F34BC800C88983;
			remoteInfo = AppOfThrones;
		};
/* End PBXContainerItemProxy section */

/* Begin PBXFileReference section */
		4A587FEE23FB319D00313FD9 /* EpisodeTableViewCell.swift */ = {isa = PBXFileReference; lastKnownFileType = sourcecode.swift; path = EpisodeTableViewCell.swift; sourceTree = "<group>"; };
		4A587FF023FB31DD00313FD9 /* EpisodeTableViewCell.xib */ = {isa = PBXFileReference; lastKnownFileType = file.xib; path = EpisodeTableViewCell.xib; sourceTree = "<group>"; };
		4A587FF223FB487F00313FD9 /* CastTableViewCell.swift */ = {isa = PBXFileReference; lastKnownFileType = sourcecode.swift; path = CastTableViewCell.swift; sourceTree = "<group>"; };
		4A587FF423FB489300313FD9 /* CastTableViewCell.xib */ = {isa = PBXFileReference; lastKnownFileType = file.xib; path = CastTableViewCell.xib; sourceTree = "<group>"; };
		4A587FF623FB4B5C00313FD9 /* Cast.swift */ = {isa = PBXFileReference; lastKnownFileType = sourcecode.swift; path = Cast.swift; sourceTree = "<group>"; };
		4A587FF823FB513D00313FD9 /* DataController.swift */ = {isa = PBXFileReference; lastKnownFileType = sourcecode.swift; path = DataController.swift; sourceTree = "<group>"; };
		4A587FFA23FC621200313FD9 /* House.swift */ = {isa = PBXFileReference; lastKnownFileType = sourcecode.swift; path = House.swift; sourceTree = "<group>"; };
		4A587FFC23FC639500313FD9 /* HouseTableViewCell.swift */ = {isa = PBXFileReference; lastKnownFileType = sourcecode.swift; path = HouseTableViewCell.swift; sourceTree = "<group>"; };
		4A587FFE23FC63A500313FD9 /* HouseTableViewCell.xib */ = {isa = PBXFileReference; lastKnownFileType = file.xib; path = HouseTableViewCell.xib; sourceTree = "<group>"; };
		4A58800023FC825A00313FD9 /* Rating.swift */ = {isa = PBXFileReference; lastKnownFileType = sourcecode.swift; path = Rating.swift; sourceTree = "<group>"; };
		4A58801923FF31D400313FD9 /* season_4.json */ = {isa = PBXFileReference; fileEncoding = 4; lastKnownFileType = text.json; path = season_4.json; sourceTree = "<group>"; };
		4A58801A23FF31D400313FD9 /* season_8.json */ = {isa = PBXFileReference; fileEncoding = 4; lastKnownFileType = text.json; path = season_8.json; sourceTree = "<group>"; };
		4A58801B23FF31D400313FD9 /* season_5.json */ = {isa = PBXFileReference; fileEncoding = 4; lastKnownFileType = text.json; path = season_5.json; sourceTree = "<group>"; };
		4A58801C23FF31D400313FD9 /* season_2.json */ = {isa = PBXFileReference; fileEncoding = 4; lastKnownFileType = text.json; path = season_2.json; sourceTree = "<group>"; };
		4A58801D23FF31D400313FD9 /* cast.json */ = {isa = PBXFileReference; fileEncoding = 4; lastKnownFileType = text.json; path = cast.json; sourceTree = "<group>"; };
		4A58801E23FF31D400313FD9 /* season_3.json */ = {isa = PBXFileReference; fileEncoding = 4; lastKnownFileType = text.json; path = season_3.json; sourceTree = "<group>"; };
		4A58801F23FF31D400313FD9 /* houses.json */ = {isa = PBXFileReference; fileEncoding = 4; lastKnownFileType = text.json; path = houses.json; sourceTree = "<group>"; };
		4A58802023FF31D400313FD9 /* season_1.json */ = {isa = PBXFileReference; fileEncoding = 4; lastKnownFileType = text.json; path = season_1.json; sourceTree = "<group>"; };
		4A58802123FF31D400313FD9 /* season_6.json */ = {isa = PBXFileReference; fileEncoding = 4; lastKnownFileType = text.json; path = season_6.json; sourceTree = "<group>"; };
		4A58802223FF31D400313FD9 /* season_7.json */ = {isa = PBXFileReference; fileEncoding = 4; lastKnownFileType = text.json; path = season_7.json; sourceTree = "<group>"; };
		4A5C445123F34BC800C88983 /* AppOfThrones.app */ = {isa = PBXFileReference; explicitFileType = wrapper.application; includeInIndex = 0; path = AppOfThrones.app; sourceTree = BUILT_PRODUCTS_DIR; };
		4A5C445423F34BC800C88983 /* AppDelegate.swift */ = {isa = PBXFileReference; lastKnownFileType = sourcecode.swift; path = AppDelegate.swift; sourceTree = "<group>"; };
		4A5C445623F34BC800C88983 /* SceneDelegate.swift */ = {isa = PBXFileReference; lastKnownFileType = sourcecode.swift; path = SceneDelegate.swift; sourceTree = "<group>"; };
		4A5C445D23F34BCB00C88983 /* Assets.xcassets */ = {isa = PBXFileReference; lastKnownFileType = folder.assetcatalog; path = Assets.xcassets; sourceTree = "<group>"; };
		4A5C446023F34BCB00C88983 /* Base */ = {isa = PBXFileReference; lastKnownFileType = file.storyboard; name = Base; path = Base.lproj/LaunchScreen.storyboard; sourceTree = "<group>"; };
		4A5C446223F34BCB00C88983 /* Info.plist */ = {isa = PBXFileReference; lastKnownFileType = text.plist.xml; path = Info.plist; sourceTree = "<group>"; };
		4A5C446723F34BCC00C88983 /* AppOfThronesTests.xctest */ = {isa = PBXFileReference; explicitFileType = wrapper.cfbundle; includeInIndex = 0; path = AppOfThronesTests.xctest; sourceTree = BUILT_PRODUCTS_DIR; };
		4A5C446B23F34BCC00C88983 /* AppOfThronesTests.swift */ = {isa = PBXFileReference; lastKnownFileType = sourcecode.swift; path = AppOfThronesTests.swift; sourceTree = "<group>"; };
		4A5C446D23F34BCC00C88983 /* Info.plist */ = {isa = PBXFileReference; lastKnownFileType = text.plist.xml; path = Info.plist; sourceTree = "<group>"; };
		4A5C447623F35E4300C88983 /* RateViewController.swift */ = {isa = PBXFileReference; lastKnownFileType = sourcecode.swift; path = RateViewController.swift; sourceTree = "<group>"; };
		4A5C447823F35E8F00C88983 /* RateViewController.xib */ = {isa = PBXFileReference; lastKnownFileType = file.xib; path = RateViewController.xib; sourceTree = "<group>"; };
		4A5C447A23F5F03400C88983 /* EpisodeViewController.swift */ = {isa = PBXFileReference; lastKnownFileType = sourcecode.swift; path = EpisodeViewController.swift; sourceTree = "<group>"; };
		4A5C447C23F5F04800C88983 /* EpisodeViewController.xib */ = {isa = PBXFileReference; lastKnownFileType = file.xib; path = EpisodeViewController.xib; sourceTree = "<group>"; };
		4A5C447F23F5F41600C88983 /* Episode.swift */ = {isa = PBXFileReference; lastKnownFileType = sourcecode.swift; path = Episode.swift; sourceTree = "<group>"; };
		4A5C448323F6021100C88983 /* CastViewController.swift */ = {isa = PBXFileReference; lastKnownFileType = sourcecode.swift; path = CastViewController.swift; sourceTree = "<group>"; };
		4A5C448523F6021F00C88983 /* CastViewController.xib */ = {isa = PBXFileReference; lastKnownFileType = file.xib; path = CastViewController.xib; sourceTree = "<group>"; };
		4A5C448723F602A300C88983 /* SettingsViewController.swift */ = {isa = PBXFileReference; lastKnownFileType = sourcecode.swift; path = SettingsViewController.swift; sourceTree = "<group>"; };
		4A5C448923F602BA00C88983 /* SettingsViewController.xib */ = {isa = PBXFileReference; lastKnownFileType = file.xib; path = SettingsViewController.xib; sourceTree = "<group>"; };
		4A5C448E23F605C700C88983 /* HouseViewController.swift */ = {isa = PBXFileReference; lastKnownFileType = sourcecode.swift; path = HouseViewController.swift; sourceTree = "<group>"; };
		4A5C448F23F605C700C88983 /* HouseViewController.xib */ = {isa = PBXFileReference; lastKnownFileType = file.xib; path = HouseViewController.xib; sourceTree = "<group>"; };
		D52817B32405C28E00DE361E /* ImageCastDetailTableViewCell.swift */ = {isa = PBXFileReference; lastKnownFileType = sourcecode.swift; path = ImageCastDetailTableViewCell.swift; sourceTree = "<group>"; };
		D52817B52405C29D00DE361E /* ImageCastDetailTableViewCell.xib */ = {isa = PBXFileReference; lastKnownFileType = file.xib; path = ImageCastDetailTableViewCell.xib; sourceTree = "<group>"; };
		D52817B72405C40000DE361E /* CastDetailTableViewCell.swift */ = {isa = PBXFileReference; lastKnownFileType = sourcecode.swift; path = CastDetailTableViewCell.swift; sourceTree = "<group>"; };
		D52817B92405C42300DE361E /* CastDetailTableViewCell.xib */ = {isa = PBXFileReference; lastKnownFileType = file.xib; path = CastDetailTableViewCell.xib; sourceTree = "<group>"; };
		D52817BB2405E27200DE361E /* HouseDetailViewController.swift */ = {isa = PBXFileReference; lastKnownFileType = sourcecode.swift; path = HouseDetailViewController.swift; sourceTree = "<group>"; };
		D52817BD2405E28100DE361E /* HouseDetailViewController.xib */ = {isa = PBXFileReference; lastKnownFileType = file.xib; path = HouseDetailViewController.xib; sourceTree = "<group>"; };
		D52817BF2405E61C00DE361E /* ImageHouseTableViewCell.swift */ = {isa = PBXFileReference; lastKnownFileType = sourcecode.swift; path = ImageHouseTableViewCell.swift; sourceTree = "<group>"; };
		D52817C12405E63800DE361E /* ImageHouseTableViewCell.xib */ = {isa = PBXFileReference; lastKnownFileType = file.xib; path = ImageHouseTableViewCell.xib; sourceTree = "<group>"; };
		D52817C32405E72C00DE361E /* HouseDetailTableViewCell.swift */ = {isa = PBXFileReference; lastKnownFileType = sourcecode.swift; path = HouseDetailTableViewCell.swift; sourceTree = "<group>"; };
		D52817C52405E74400DE361E /* HouseDetailTableViewCell.xib */ = {isa = PBXFileReference; lastKnownFileType = file.xib; path = HouseDetailTableViewCell.xib; sourceTree = "<group>"; };
		D5C062C32404836400B46FC2 /* ImageTableViewCell.swift */ = {isa = PBXFileReference; lastKnownFileType = sourcecode.swift; path = ImageTableViewCell.swift; sourceTree = "<group>"; };
		D5C062C52404837000B46FC2 /* ImageTableViewCell.xib */ = {isa = PBXFileReference; lastKnownFileType = file.xib; path = ImageTableViewCell.xib; sourceTree = "<group>"; };
		D5C062C7240489BE00B46FC2 /* EpisodeDetailTableViewCell.swift */ = {isa = PBXFileReference; lastKnownFileType = sourcecode.swift; path = EpisodeDetailTableViewCell.swift; sourceTree = "<group>"; };
		D5C062C9240489CA00B46FC2 /* EpisodeDetailTableViewCell.xib */ = {isa = PBXFileReference; lastKnownFileType = file.xib; path = EpisodeDetailTableViewCell.xib; sourceTree = "<group>"; };
		D5C062CB2405A94F00B46FC2 /* CastDetailViewController.swift */ = {isa = PBXFileReference; lastKnownFileType = sourcecode.swift; path = CastDetailViewController.swift; sourceTree = "<group>"; };
		D5C062CD2405A96900B46FC2 /* CastDetailViewController.xib */ = {isa = PBXFileReference; lastKnownFileType = file.xib; path = CastDetailViewController.xib; sourceTree = "<group>"; };
		D5C7AE0A2402E0A300F1796C /* EpisodeDetailViewController.swift */ = {isa = PBXFileReference; lastKnownFileType = sourcecode.swift; path = EpisodeDetailViewController.swift; sourceTree = "<group>"; };
		D5C7AE0C2402E10B00F1796C /* EpisodeDetailViewController.xib */ = {isa = PBXFileReference; lastKnownFileType = file.xib; path = EpisodeDetailViewController.xib; sourceTree = "<group>"; };
/* End PBXFileReference section */

/* Begin PBXFrameworksBuildPhase section */
		4A5C444E23F34BC800C88983 /* Frameworks */ = {
			isa = PBXFrameworksBuildPhase;
			buildActionMask = 2147483647;
			files = (
			);
			runOnlyForDeploymentPostprocessing = 0;
		};
		4A5C446423F34BCC00C88983 /* Frameworks */ = {
			isa = PBXFrameworksBuildPhase;
			buildActionMask = 2147483647;
			files = (
			);
			runOnlyForDeploymentPostprocessing = 0;
		};
/* End PBXFrameworksBuildPhase section */

/* Begin PBXGroup section */
		4A58801823FF31D400313FD9 /* JSON */ = {
			isa = PBXGroup;
			children = (
				4A58801923FF31D400313FD9 /* season_4.json */,
				4A58801A23FF31D400313FD9 /* season_8.json */,
				4A58801B23FF31D400313FD9 /* season_5.json */,
				4A58801C23FF31D400313FD9 /* season_2.json */,
				4A58801D23FF31D400313FD9 /* cast.json */,
				4A58801E23FF31D400313FD9 /* season_3.json */,
				4A58801F23FF31D400313FD9 /* houses.json */,
				4A58802023FF31D400313FD9 /* season_1.json */,
				4A58802123FF31D400313FD9 /* season_6.json */,
				4A58802223FF31D400313FD9 /* season_7.json */,
			);
			path = JSON;
			sourceTree = "<group>";
		};
		4A5C444823F34BC800C88983 = {
			isa = PBXGroup;
			children = (
				4A5C445323F34BC800C88983 /* AppOfThrones */,
				4A5C446A23F34BCC00C88983 /* AppOfThronesTests */,
				4A5C445223F34BC800C88983 /* Products */,
			);
			sourceTree = "<group>";
		};
		4A5C445223F34BC800C88983 /* Products */ = {
			isa = PBXGroup;
			children = (
				4A5C445123F34BC800C88983 /* AppOfThrones.app */,
				4A5C446723F34BCC00C88983 /* AppOfThronesTests.xctest */,
			);
			name = Products;
			sourceTree = "<group>";
		};
		4A5C445323F34BC800C88983 /* AppOfThrones */ = {
			isa = PBXGroup;
			children = (
				4A58801823FF31D400313FD9 /* JSON */,
				4A5C448D23F605A700C88983 /* House */,
				4A5C448223F601FE00C88983 /* Setting */,
				4A5C448123F601E100C88983 /* Cast */,
				4A5C447E23F5F3EE00C88983 /* Modelo */,
				4A5C448B23F603B400C88983 /* Rate */,
				4A5C448C23F603BF00C88983 /* Episode */,
				4A5C445423F34BC800C88983 /* AppDelegate.swift */,
				4A5C445623F34BC800C88983 /* SceneDelegate.swift */,
				4A5C445D23F34BCB00C88983 /* Assets.xcassets */,
				4A5C445F23F34BCB00C88983 /* LaunchScreen.storyboard */,
				4A5C446223F34BCB00C88983 /* Info.plist */,
				4A587FF823FB513D00313FD9 /* DataController.swift */,
			);
			path = AppOfThrones;
			sourceTree = "<group>";
		};
		4A5C446A23F34BCC00C88983 /* AppOfThronesTests */ = {
			isa = PBXGroup;
			children = (
				4A5C446B23F34BCC00C88983 /* AppOfThronesTests.swift */,
				4A5C446D23F34BCC00C88983 /* Info.plist */,
			);
			path = AppOfThronesTests;
			sourceTree = "<group>";
		};
		4A5C447E23F5F3EE00C88983 /* Modelo */ = {
			isa = PBXGroup;
			children = (
				4A5C447F23F5F41600C88983 /* Episode.swift */,
				4A587FF623FB4B5C00313FD9 /* Cast.swift */,
				4A587FFA23FC621200313FD9 /* House.swift */,
				4A58800023FC825A00313FD9 /* Rating.swift */,
			);
			path = Modelo;
			sourceTree = "<group>";
		};
		4A5C448123F601E100C88983 /* Cast */ = {
			isa = PBXGroup;
			children = (
				4A5C448323F6021100C88983 /* CastViewController.swift */,
				4A5C448523F6021F00C88983 /* CastViewController.xib */,
				4A587FF223FB487F00313FD9 /* CastTableViewCell.swift */,
				4A587FF423FB489300313FD9 /* CastTableViewCell.xib */,
				D5C062CB2405A94F00B46FC2 /* CastDetailViewController.swift */,
				D5C062CD2405A96900B46FC2 /* CastDetailViewController.xib */,
				D52817B32405C28E00DE361E /* ImageCastDetailTableViewCell.swift */,
				D52817B52405C29D00DE361E /* ImageCastDetailTableViewCell.xib */,
				D52817B72405C40000DE361E /* CastDetailTableViewCell.swift */,
				D52817B92405C42300DE361E /* CastDetailTableViewCell.xib */,
			);
			path = Cast;
			sourceTree = "<group>";
		};
		4A5C448223F601FE00C88983 /* Setting */ = {
			isa = PBXGroup;
			children = (
				4A5C448723F602A300C88983 /* SettingsViewController.swift */,
				4A5C448923F602BA00C88983 /* SettingsViewController.xib */,
			);
			path = Setting;
			sourceTree = "<group>";
		};
		4A5C448B23F603B400C88983 /* Rate */ = {
			isa = PBXGroup;
			children = (
				4A5C447623F35E4300C88983 /* RateViewController.swift */,
				4A5C447823F35E8F00C88983 /* RateViewController.xib */,
			);
			path = Rate;
			sourceTree = "<group>";
		};
		4A5C448C23F603BF00C88983 /* Episode */ = {
			isa = PBXGroup;
			children = (
				4A5C447A23F5F03400C88983 /* EpisodeViewController.swift */,
				4A5C447C23F5F04800C88983 /* EpisodeViewController.xib */,
				4A587FEE23FB319D00313FD9 /* EpisodeTableViewCell.swift */,
				4A587FF023FB31DD00313FD9 /* EpisodeTableViewCell.xib */,
				D5C7AE0A2402E0A300F1796C /* EpisodeDetailViewController.swift */,
				D5C7AE0C2402E10B00F1796C /* EpisodeDetailViewController.xib */,
				D5C062C32404836400B46FC2 /* ImageTableViewCell.swift */,
				D5C062C52404837000B46FC2 /* ImageTableViewCell.xib */,
				D5C062C7240489BE00B46FC2 /* EpisodeDetailTableViewCell.swift */,
				D5C062C9240489CA00B46FC2 /* EpisodeDetailTableViewCell.xib */,
			);
			path = Episode;
			sourceTree = "<group>";
		};
		4A5C448D23F605A700C88983 /* House */ = {
			isa = PBXGroup;
			children = (
				4A5C448E23F605C700C88983 /* HouseViewController.swift */,
				4A5C448F23F605C700C88983 /* HouseViewController.xib */,
				4A587FFC23FC639500313FD9 /* HouseTableViewCell.swift */,
				4A587FFE23FC63A500313FD9 /* HouseTableViewCell.xib */,
				D52817BB2405E27200DE361E /* HouseDetailViewController.swift */,
				D52817BD2405E28100DE361E /* HouseDetailViewController.xib */,
				D52817BF2405E61C00DE361E /* ImageHouseTableViewCell.swift */,
				D52817C12405E63800DE361E /* ImageHouseTableViewCell.xib */,
				D52817C32405E72C00DE361E /* HouseDetailTableViewCell.swift */,
				D52817C52405E74400DE361E /* HouseDetailTableViewCell.xib */,
			);
			path = House;
			sourceTree = "<group>";
		};
/* End PBXGroup section */

/* Begin PBXNativeTarget section */
		4A5C445023F34BC800C88983 /* AppOfThrones */ = {
			isa = PBXNativeTarget;
			buildConfigurationList = 4A5C447023F34BCC00C88983 /* Build configuration list for PBXNativeTarget "AppOfThrones" */;
			buildPhases = (
				4A5C444D23F34BC800C88983 /* Sources */,
				4A5C444E23F34BC800C88983 /* Frameworks */,
				4A5C444F23F34BC800C88983 /* Resources */,
			);
			buildRules = (
			);
			dependencies = (
			);
			name = AppOfThrones;
			productName = AppOfThrones;
			productReference = 4A5C445123F34BC800C88983 /* AppOfThrones.app */;
			productType = "com.apple.product-type.application";
		};
		4A5C446623F34BCC00C88983 /* AppOfThronesTests */ = {
			isa = PBXNativeTarget;
			buildConfigurationList = 4A5C447323F34BCC00C88983 /* Build configuration list for PBXNativeTarget "AppOfThronesTests" */;
			buildPhases = (
				4A5C446323F34BCC00C88983 /* Sources */,
				4A5C446423F34BCC00C88983 /* Frameworks */,
				4A5C446523F34BCC00C88983 /* Resources */,
			);
			buildRules = (
			);
			dependencies = (
				4A5C446923F34BCC00C88983 /* PBXTargetDependency */,
			);
			name = AppOfThronesTests;
			productName = AppOfThronesTests;
			productReference = 4A5C446723F34BCC00C88983 /* AppOfThronesTests.xctest */;
			productType = "com.apple.product-type.bundle.unit-test";
		};
/* End PBXNativeTarget section */

/* Begin PBXProject section */
		4A5C444923F34BC800C88983 /* Project object */ = {
			isa = PBXProject;
			attributes = {
				LastSwiftUpdateCheck = 1130;
				LastUpgradeCheck = 1130;
				ORGANIZATIONNAME = "Ivan Llopis Guardado";
				TargetAttributes = {
					4A5C445023F34BC800C88983 = {
						CreatedOnToolsVersion = 11.3.1;
					};
					4A5C446623F34BCC00C88983 = {
						CreatedOnToolsVersion = 11.3.1;
						TestTargetID = 4A5C445023F34BC800C88983;
					};
				};
			};
			buildConfigurationList = 4A5C444C23F34BC800C88983 /* Build configuration list for PBXProject "AppOfThrones" */;
			compatibilityVersion = "Xcode 9.3";
			developmentRegion = en;
			hasScannedForEncodings = 0;
			knownRegions = (
				en,
				Base,
			);
			mainGroup = 4A5C444823F34BC800C88983;
			productRefGroup = 4A5C445223F34BC800C88983 /* Products */;
			projectDirPath = "";
			projectRoot = "";
			targets = (
				4A5C445023F34BC800C88983 /* AppOfThrones */,
				4A5C446623F34BCC00C88983 /* AppOfThronesTests */,
			);
		};
/* End PBXProject section */

/* Begin PBXResourcesBuildPhase section */
		4A5C444F23F34BC800C88983 /* Resources */ = {
			isa = PBXResourcesBuildPhase;
			buildActionMask = 2147483647;
			files = (
				4A58802823FF31D400313FD9 /* season_3.json in Resources */,
				4A5C447923F35E8F00C88983 /* RateViewController.xib in Resources */,
				D52817BE2405E28100DE361E /* HouseDetailViewController.xib in Resources */,
				D5C062CE2405A96900B46FC2 /* CastDetailViewController.xib in Resources */,
				4A58802423FF31D400313FD9 /* season_8.json in Resources */,
				4A5C448A23F602BA00C88983 /* SettingsViewController.xib in Resources */,
				D52817B62405C29D00DE361E /* ImageCastDetailTableViewCell.xib in Resources */,
				4A58802A23FF31D400313FD9 /* season_1.json in Resources */,
				D52817C62405E74400DE361E /* HouseDetailTableViewCell.xib in Resources */,
				D5C062CA240489CA00B46FC2 /* EpisodeDetailTableViewCell.xib in Resources */,
				4A58802623FF31D400313FD9 /* season_2.json in Resources */,
				4A587FF523FB489300313FD9 /* CastTableViewCell.xib in Resources */,
				4A5C446123F34BCB00C88983 /* LaunchScreen.storyboard in Resources */,
				D52817BA2405C42300DE361E /* CastDetailTableViewCell.xib in Resources */,
				4A58802923FF31D400313FD9 /* houses.json in Resources */,
				4A5C448623F6021F00C88983 /* CastViewController.xib in Resources */,
				4A58802723FF31D400313FD9 /* cast.json in Resources */,
				D5C7AE0D2402E10B00F1796C /* EpisodeDetailViewController.xib in Resources */,
				4A58802323FF31D400313FD9 /* season_4.json in Resources */,
				4A5C449123F605C700C88983 /* HouseViewController.xib in Resources */,
				4A58802B23FF31D400313FD9 /* season_6.json in Resources */,
				D5C062C62404837000B46FC2 /* ImageTableViewCell.xib in Resources */,
				4A58802523FF31D400313FD9 /* season_5.json in Resources */,
				4A587FFF23FC63A500313FD9 /* HouseTableViewCell.xib in Resources */,
				4A58802C23FF31D400313FD9 /* season_7.json in Resources */,
				4A587FF123FB31DD00313FD9 /* EpisodeTableViewCell.xib in Resources */,
				4A5C447D23F5F04800C88983 /* EpisodeViewController.xib in Resources */,
				D52817C22405E63800DE361E /* ImageHouseTableViewCell.xib in Resources */,
				4A5C445E23F34BCB00C88983 /* Assets.xcassets in Resources */,
			);
			runOnlyForDeploymentPostprocessing = 0;
		};
		4A5C446523F34BCC00C88983 /* Resources */ = {
			isa = PBXResourcesBuildPhase;
			buildActionMask = 2147483647;
			files = (
			);
			runOnlyForDeploymentPostprocessing = 0;
		};
/* End PBXResourcesBuildPhase section */

/* Begin PBXSourcesBuildPhase section */
		4A5C444D23F34BC800C88983 /* Sources */ = {
			isa = PBXSourcesBuildPhase;
			buildActionMask = 2147483647;
			files = (
				D5C062CC2405A94F00B46FC2 /* CastDetailViewController.swift in Sources */,
				4A587FEF23FB319D00313FD9 /* EpisodeTableViewCell.swift in Sources */,
				4A587FF923FB513D00313FD9 /* DataController.swift in Sources */,
				4A587FFB23FC621300313FD9 /* House.swift in Sources */,
				4A5C447723F35E4300C88983 /* RateViewController.swift in Sources */,
				D52817C02405E61C00DE361E /* ImageHouseTableViewCell.swift in Sources */,
				D5C062C8240489BE00B46FC2 /* EpisodeDetailTableViewCell.swift in Sources */,
				D52817B82405C40000DE361E /* CastDetailTableViewCell.swift in Sources */,
				4A5C445523F34BC800C88983 /* AppDelegate.swift in Sources */,
				D5C7AE0B2402E0A300F1796C /* EpisodeDetailViewController.swift in Sources */,
				4A5C447B23F5F03400C88983 /* EpisodeViewController.swift in Sources */,
				D52817BC2405E27200DE361E /* HouseDetailViewController.swift in Sources */,
				D52817B42405C28E00DE361E /* ImageCastDetailTableViewCell.swift in Sources */,
				4A5C448023F5F41600C88983 /* Episode.swift in Sources */,
				4A5C445723F34BC800C88983 /* SceneDelegate.swift in Sources */,
				4A587FF323FB487F00313FD9 /* CastTableViewCell.swift in Sources */,
				4A5C448823F602A300C88983 /* SettingsViewController.swift in Sources */,
				4A587FF723FB4B5C00313FD9 /* Cast.swift in Sources */,
				4A5C448423F6021100C88983 /* CastViewController.swift in Sources */,
				D52817C42405E72C00DE361E /* HouseDetailTableViewCell.swift in Sources */,
				4A58800123FC825A00313FD9 /* Rating.swift in Sources */,
				4A587FFD23FC639500313FD9 /* HouseTableViewCell.swift in Sources */,
				D5C062C42404836400B46FC2 /* ImageTableViewCell.swift in Sources */,
				4A5C449023F605C700C88983 /* HouseViewController.swift in Sources */,
			);
			runOnlyForDeploymentPostprocessing = 0;
		};
		4A5C446323F34BCC00C88983 /* Sources */ = {
			isa = PBXSourcesBuildPhase;
			buildActionMask = 2147483647;
			files = (
				4A5C446C23F34BCC00C88983 /* AppOfThronesTests.swift in Sources */,
			);
			runOnlyForDeploymentPostprocessing = 0;
		};
/* End PBXSourcesBuildPhase section */

/* Begin PBXTargetDependency section */
		4A5C446923F34BCC00C88983 /* PBXTargetDependency */ = {
			isa = PBXTargetDependency;
			target = 4A5C445023F34BC800C88983 /* AppOfThrones */;
			targetProxy = 4A5C446823F34BCC00C88983 /* PBXContainerItemProxy */;
		};
/* End PBXTargetDependency section */

/* Begin PBXVariantGroup section */
		4A5C445F23F34BCB00C88983 /* LaunchScreen.storyboard */ = {
			isa = PBXVariantGroup;
			children = (
				4A5C446023F34BCB00C88983 /* Base */,
			);
			name = LaunchScreen.storyboard;
			sourceTree = "<group>";
		};
/* End PBXVariantGroup section */

/* Begin XCBuildConfiguration section */
		4A5C446E23F34BCC00C88983 /* Debug */ = {
			isa = XCBuildConfiguration;
			buildSettings = {
				ALWAYS_SEARCH_USER_PATHS = NO;
				CLANG_ANALYZER_NONNULL = YES;
				CLANG_ANALYZER_NUMBER_OBJECT_CONVERSION = YES_AGGRESSIVE;
				CLANG_CXX_LANGUAGE_STANDARD = "gnu++14";
				CLANG_CXX_LIBRARY = "libc++";
				CLANG_ENABLE_MODULES = YES;
				CLANG_ENABLE_OBJC_ARC = YES;
				CLANG_ENABLE_OBJC_WEAK = YES;
				CLANG_WARN_BLOCK_CAPTURE_AUTORELEASING = YES;
				CLANG_WARN_BOOL_CONVERSION = YES;
				CLANG_WARN_COMMA = YES;
				CLANG_WARN_CONSTANT_CONVERSION = YES;
				CLANG_WARN_DEPRECATED_OBJC_IMPLEMENTATIONS = YES;
				CLANG_WARN_DIRECT_OBJC_ISA_USAGE = YES_ERROR;
				CLANG_WARN_DOCUMENTATION_COMMENTS = YES;
				CLANG_WARN_EMPTY_BODY = YES;
				CLANG_WARN_ENUM_CONVERSION = YES;
				CLANG_WARN_INFINITE_RECURSION = YES;
				CLANG_WARN_INT_CONVERSION = YES;
				CLANG_WARN_NON_LITERAL_NULL_CONVERSION = YES;
				CLANG_WARN_OBJC_IMPLICIT_RETAIN_SELF = YES;
				CLANG_WARN_OBJC_LITERAL_CONVERSION = YES;
				CLANG_WARN_OBJC_ROOT_CLASS = YES_ERROR;
				CLANG_WARN_RANGE_LOOP_ANALYSIS = YES;
				CLANG_WARN_STRICT_PROTOTYPES = YES;
				CLANG_WARN_SUSPICIOUS_MOVE = YES;
				CLANG_WARN_UNGUARDED_AVAILABILITY = YES_AGGRESSIVE;
				CLANG_WARN_UNREACHABLE_CODE = YES;
				CLANG_WARN__DUPLICATE_METHOD_MATCH = YES;
				COPY_PHASE_STRIP = NO;
				DEBUG_INFORMATION_FORMAT = dwarf;
				ENABLE_STRICT_OBJC_MSGSEND = YES;
				ENABLE_TESTABILITY = YES;
				GCC_C_LANGUAGE_STANDARD = gnu11;
				GCC_DYNAMIC_NO_PIC = NO;
				GCC_NO_COMMON_BLOCKS = YES;
				GCC_OPTIMIZATION_LEVEL = 0;
				GCC_PREPROCESSOR_DEFINITIONS = (
					"DEBUG=1",
					"$(inherited)",
				);
				GCC_WARN_64_TO_32_BIT_CONVERSION = YES;
				GCC_WARN_ABOUT_RETURN_TYPE = YES_ERROR;
				GCC_WARN_UNDECLARED_SELECTOR = YES;
				GCC_WARN_UNINITIALIZED_AUTOS = YES_AGGRESSIVE;
				GCC_WARN_UNUSED_FUNCTION = YES;
				GCC_WARN_UNUSED_VARIABLE = YES;
				IPHONEOS_DEPLOYMENT_TARGET = 13.2;
				MTL_ENABLE_DEBUG_INFO = INCLUDE_SOURCE;
				MTL_FAST_MATH = YES;
				ONLY_ACTIVE_ARCH = YES;
				SDKROOT = iphoneos;
				SWIFT_ACTIVE_COMPILATION_CONDITIONS = DEBUG;
				SWIFT_OPTIMIZATION_LEVEL = "-Onone";
			};
			name = Debug;
		};
		4A5C446F23F34BCC00C88983 /* Release */ = {
			isa = XCBuildConfiguration;
			buildSettings = {
				ALWAYS_SEARCH_USER_PATHS = NO;
				CLANG_ANALYZER_NONNULL = YES;
				CLANG_ANALYZER_NUMBER_OBJECT_CONVERSION = YES_AGGRESSIVE;
				CLANG_CXX_LANGUAGE_STANDARD = "gnu++14";
				CLANG_CXX_LIBRARY = "libc++";
				CLANG_ENABLE_MODULES = YES;
				CLANG_ENABLE_OBJC_ARC = YES;
				CLANG_ENABLE_OBJC_WEAK = YES;
				CLANG_WARN_BLOCK_CAPTURE_AUTORELEASING = YES;
				CLANG_WARN_BOOL_CONVERSION = YES;
				CLANG_WARN_COMMA = YES;
				CLANG_WARN_CONSTANT_CONVERSION = YES;
				CLANG_WARN_DEPRECATED_OBJC_IMPLEMENTATIONS = YES;
				CLANG_WARN_DIRECT_OBJC_ISA_USAGE = YES_ERROR;
				CLANG_WARN_DOCUMENTATION_COMMENTS = YES;
				CLANG_WARN_EMPTY_BODY = YES;
				CLANG_WARN_ENUM_CONVERSION = YES;
				CLANG_WARN_INFINITE_RECURSION = YES;
				CLANG_WARN_INT_CONVERSION = YES;
				CLANG_WARN_NON_LITERAL_NULL_CONVERSION = YES;
				CLANG_WARN_OBJC_IMPLICIT_RETAIN_SELF = YES;
				CLANG_WARN_OBJC_LITERAL_CONVERSION = YES;
				CLANG_WARN_OBJC_ROOT_CLASS = YES_ERROR;
				CLANG_WARN_RANGE_LOOP_ANALYSIS = YES;
				CLANG_WARN_STRICT_PROTOTYPES = YES;
				CLANG_WARN_SUSPICIOUS_MOVE = YES;
				CLANG_WARN_UNGUARDED_AVAILABILITY = YES_AGGRESSIVE;
				CLANG_WARN_UNREACHABLE_CODE = YES;
				CLANG_WARN__DUPLICATE_METHOD_MATCH = YES;
				COPY_PHASE_STRIP = NO;
				DEBUG_INFORMATION_FORMAT = "dwarf-with-dsym";
				ENABLE_NS_ASSERTIONS = NO;
				ENABLE_STRICT_OBJC_MSGSEND = YES;
				GCC_C_LANGUAGE_STANDARD = gnu11;
				GCC_NO_COMMON_BLOCKS = YES;
				GCC_WARN_64_TO_32_BIT_CONVERSION = YES;
				GCC_WARN_ABOUT_RETURN_TYPE = YES_ERROR;
				GCC_WARN_UNDECLARED_SELECTOR = YES;
				GCC_WARN_UNINITIALIZED_AUTOS = YES_AGGRESSIVE;
				GCC_WARN_UNUSED_FUNCTION = YES;
				GCC_WARN_UNUSED_VARIABLE = YES;
				IPHONEOS_DEPLOYMENT_TARGET = 13.2;
				MTL_ENABLE_DEBUG_INFO = NO;
				MTL_FAST_MATH = YES;
				SDKROOT = iphoneos;
				SWIFT_COMPILATION_MODE = wholemodule;
				SWIFT_OPTIMIZATION_LEVEL = "-O";
				VALIDATE_PRODUCT = YES;
			};
			name = Release;
		};
		4A5C447123F34BCC00C88983 /* Debug */ = {
			isa = XCBuildConfiguration;
			buildSettings = {
				ASSETCATALOG_COMPILER_APPICON_NAME = AppIcon;
				CODE_SIGN_STYLE = Automatic;
				DEVELOPMENT_TEAM = X9SDP4L247;
				INFOPLIST_FILE = AppOfThrones/Info.plist;
				LD_RUNPATH_SEARCH_PATHS = (
					"$(inherited)",
					"@executable_path/Frameworks",
				);
				PRODUCT_BUNDLE_IDENTIFIER = com.ivanllopis.AppOfThrones;
				PRODUCT_NAME = "$(TARGET_NAME)";
				SWIFT_VERSION = 5.0;
				TARGETED_DEVICE_FAMILY = "1,2";
			};
			name = Debug;
		};
		4A5C447223F34BCC00C88983 /* Release */ = {
			isa = XCBuildConfiguration;
			buildSettings = {
				ASSETCATALOG_COMPILER_APPICON_NAME = AppIcon;
				CODE_SIGN_STYLE = Automatic;
				DEVELOPMENT_TEAM = X9SDP4L247;
				INFOPLIST_FILE = AppOfThrones/Info.plist;
				LD_RUNPATH_SEARCH_PATHS = (
					"$(inherited)",
					"@executable_path/Frameworks",
				);
				PRODUCT_BUNDLE_IDENTIFIER = com.ivanllopis.AppOfThrones;
				PRODUCT_NAME = "$(TARGET_NAME)";
				SWIFT_VERSION = 5.0;
				TARGETED_DEVICE_FAMILY = "1,2";
			};
			name = Release;
		};
		4A5C447423F34BCC00C88983 /* Debug */ = {
			isa = XCBuildConfiguration;
			buildSettings = {
				ALWAYS_EMBED_SWIFT_STANDARD_LIBRARIES = YES;
				BUNDLE_LOADER = "$(TEST_HOST)";
				CODE_SIGN_STYLE = Automatic;
				DEVELOPMENT_TEAM = X9SDP4L247;
				INFOPLIST_FILE = AppOfThronesTests/Info.plist;
				IPHONEOS_DEPLOYMENT_TARGET = 13.2;
				LD_RUNPATH_SEARCH_PATHS = (
					"$(inherited)",
					"@executable_path/Frameworks",
					"@loader_path/Frameworks",
				);
				PRODUCT_BUNDLE_IDENTIFIER = com.ivanllopis.AppOfThronesTests;
				PRODUCT_NAME = "$(TARGET_NAME)";
				SWIFT_VERSION = 5.0;
				TARGETED_DEVICE_FAMILY = "1,2";
				TEST_HOST = "$(BUILT_PRODUCTS_DIR)/AppOfThrones.app/AppOfThrones";
			};
			name = Debug;
		};
		4A5C447523F34BCC00C88983 /* Release */ = {
			isa = XCBuildConfiguration;
			buildSettings = {
				ALWAYS_EMBED_SWIFT_STANDARD_LIBRARIES = YES;
				BUNDLE_LOADER = "$(TEST_HOST)";
				CODE_SIGN_STYLE = Automatic;
				DEVELOPMENT_TEAM = X9SDP4L247;
				INFOPLIST_FILE = AppOfThronesTests/Info.plist;
				IPHONEOS_DEPLOYMENT_TARGET = 13.2;
				LD_RUNPATH_SEARCH_PATHS = (
					"$(inherited)",
					"@executable_path/Frameworks",
					"@loader_path/Frameworks",
				);
				PRODUCT_BUNDLE_IDENTIFIER = com.ivanllopis.AppOfThronesTests;
				PRODUCT_NAME = "$(TARGET_NAME)";
				SWIFT_VERSION = 5.0;
				TARGETED_DEVICE_FAMILY = "1,2";
				TEST_HOST = "$(BUILT_PRODUCTS_DIR)/AppOfThrones.app/AppOfThrones";
			};
			name = Release;
		};
/* End XCBuildConfiguration section */

/* Begin XCConfigurationList section */
		4A5C444C23F34BC800C88983 /* Build configuration list for PBXProject "AppOfThrones" */ = {
			isa = XCConfigurationList;
			buildConfigurations = (
				4A5C446E23F34BCC00C88983 /* Debug */,
				4A5C446F23F34BCC00C88983 /* Release */,
			);
			defaultConfigurationIsVisible = 0;
			defaultConfigurationName = Release;
		};
		4A5C447023F34BCC00C88983 /* Build configuration list for PBXNativeTarget "AppOfThrones" */ = {
			isa = XCConfigurationList;
			buildConfigurations = (
				4A5C447123F34BCC00C88983 /* Debug */,
				4A5C447223F34BCC00C88983 /* Release */,
			);
			defaultConfigurationIsVisible = 0;
			defaultConfigurationName = Release;
		};
		4A5C447323F34BCC00C88983 /* Build configuration list for PBXNativeTarget "AppOfThronesTests" */ = {
			isa = XCConfigurationList;
			buildConfigurations = (
				4A5C447423F34BCC00C88983 /* Debug */,
				4A5C447523F34BCC00C88983 /* Release */,
			);
			defaultConfigurationIsVisible = 0;
			defaultConfigurationName = Release;
		};
/* End XCConfigurationList section */
	};
	rootObject = 4A5C444923F34BC800C88983 /* Project object */;
}
